<Solution>
  <Project Path="EntityFrameworkCore.ConsoleApp/EntityFrameworkCore.ConsoleApp.csproj" Id="2480ba97-7cf8-421d-bbf0-d5025b2b7f5d" />
  <Project Path="EntityFrameworkCore.Data/EntityFrameworkCore.Data.csproj" />
  <Project Path="EntityFrameworkCore.Domain/EntityFrameworkCore.Domain.csproj" />
</Solution>
